
Microsoft Visual Studio Solution File, Format Version 12.00
# Visual Studio 15
VisualStudioVersion = 15.0.28307.1321
MinimumVisualStudioVersion = 10.0.40219.1
Project("{FAE04EC0-301F-11D3-BF4B-00C04F79EFBC}") = "ApartmentRentGui", "ApartmentRentGui\ApartmentRentGui.csproj", "{D46C53C3-F5CA-4672-AC91-BB97137A595B}"
EndProject
Project("{54435603-DBB4-11D2-8724-00A0C9A8B90C}") = "RentCalculatorInstaller", "RentCalculatorInstaller\RentCalculatorInstaller.vdproj", "{59C0FD38-D150-44A5-AE46-A0DD29CB8709}"
EndProject
Global
	GlobalSection(SolutionConfigurationPlatforms) = preSolution
		Debug|Any CPU = Debug|Any CPU
		Release|Any CPU = Release|Any CPU
	EndGlobalSection
	GlobalSection(ProjectConfigurationPlatforms) = postSolution
		{D46C53C3-F5CA-4672-AC91-BB97137A595B}.Debug|Any CPU.ActiveCfg = Debug|Any CPU
		{D46C53C3-F5CA-4672-AC91-BB97137A595B}.Debug|Any CPU.Build.0 = Debug|Any CPU
		{D46C53C3-F5CA-4672-AC91-BB97137A595B}.Release|Any CPU.ActiveCfg = Release|Any CPU
		{D46C53C3-F5CA-4672-AC91-BB97137A595B}.Release|Any CPU.Build.0 = Release|Any CPU
		{59C0FD38-D150-44A5-AE46-A0DD29CB8709}.Debug|Any CPU.ActiveCfg = Debug
		{59C0FD38-D150-44A5-AE46-A0DD29CB8709}.Release|Any CPU.ActiveCfg = Release
	EndGlobalSection
	GlobalSection(SolutionProperties) = preSolution
		HideSolutionNode = FALSE
	EndGlobalSection
	GlobalSection(ExtensibilityGlobals) = postSolution
		SolutionGuid = {388DA8B9-CEA7-4824-A756-543FCE176A90}
	EndGlobalSection
EndGlobal
